
Microsoft Visual Studio Solution File, Format Version 12.00
# Visual Studio Version 17
VisualStudioVersion = 17.10.35122.118
MinimumVisualStudioVersion = 10.0.40219.1
Project("{FAE04EC0-301F-11D3-BF4B-00C04F79EFBC}") = "CodeReflectionExample", "CodeReflectionExample\CodeReflectionExample.csproj", "{89209F68-2E0B-4199-BD46-B0B838F43FFE}"
EndProject
Global
	GlobalSection(SolutionConfigurationPlatforms) = preSolution
		Debug|Any CPU = Debug|Any CPU
		Release|Any CPU = Release|Any CPU
	EndGlobalSection
	GlobalSection(ProjectConfigurationPlatforms) = postSolution
		{89209F68-2E0B-4199-BD46-B0B838F43FFE}.Debug|Any CPU.ActiveCfg = Debug|Any CPU
		{89209F68-2E0B-4199-BD46-B0B838F43FFE}.Debug|Any CPU.Build.0 = Debug|Any CPU
		{89209F68-2E0B-4199-BD46-B0B838F43FFE}.Release|Any CPU.ActiveCfg = Release|Any CPU
		{89209F68-2E0B-4199-BD46-B0B838F43FFE}.Release|Any CPU.Build.0 = Release|Any CPU
	EndGlobalSection
	GlobalSection(SolutionProperties) = preSolution
		HideSolutionNode = FALSE
	EndGlobalSection
	GlobalSection(ExtensibilityGlobals) = postSolution
		SolutionGuid = {58757B1E-2A54-466B-8186-C14040F2C848}
	EndGlobalSection
EndGlobal
